
Microsoft Visual Studio Solution File, Format Version 12.00
# Visual Studio Version 17
VisualStudioVersion = 17.0.31903.59
MinimumVisualStudioVersion = 10.0.40219.1
Project("{FAE04EC0-301F-11D3-BF4B-00C04F79EFBC}") = "Domain", "Domain\Domain.csproj", "{61F26C14-B8E6-44AA-928D-7A101536983A}"
EndProject
Project("{FAE04EC0-301F-11D3-BF4B-00C04F79EFBC}") = "Infrastructure", "Infrastructure\Infrastructure.csproj", "{B72E2B9D-D30D-4F65-AE53-D567ED4585A0}"
EndProject
Project("{FAE04EC0-301F-11D3-BF4B-00C04F79EFBC}") = "WebApi", "WebApi\WebApi.csproj", "{1B424FF2-7B1A-4B2B-A112-DD3A9E94E4BE}"
EndProject
Global
	GlobalSection(SolutionConfigurationPlatforms) = preSolution
		Debug|Any CPU = Debug|Any CPU
		Release|Any CPU = Release|Any CPU
	EndGlobalSection
	GlobalSection(SolutionProperties) = preSolution
		HideSolutionNode = FALSE
	EndGlobalSection
	GlobalSection(ProjectConfigurationPlatforms) = postSolution
		{61F26C14-B8E6-44AA-928D-7A101536983A}.Debug|Any CPU.ActiveCfg = Debug|Any CPU
		{61F26C14-B8E6-44AA-928D-7A101536983A}.Debug|Any CPU.Build.0 = Debug|Any CPU
		{61F26C14-B8E6-44AA-928D-7A101536983A}.Release|Any CPU.ActiveCfg = Release|Any CPU
		{61F26C14-B8E6-44AA-928D-7A101536983A}.Release|Any CPU.Build.0 = Release|Any CPU
		{B72E2B9D-D30D-4F65-AE53-D567ED4585A0}.Debug|Any CPU.ActiveCfg = Debug|Any CPU
		{B72E2B9D-D30D-4F65-AE53-D567ED4585A0}.Debug|Any CPU.Build.0 = Debug|Any CPU
		{B72E2B9D-D30D-4F65-AE53-D567ED4585A0}.Release|Any CPU.ActiveCfg = Release|Any CPU
		{B72E2B9D-D30D-4F65-AE53-D567ED4585A0}.Release|Any CPU.Build.0 = Release|Any CPU
		{1B424FF2-7B1A-4B2B-A112-DD3A9E94E4BE}.Debug|Any CPU.ActiveCfg = Debug|Any CPU
		{1B424FF2-7B1A-4B2B-A112-DD3A9E94E4BE}.Debug|Any CPU.Build.0 = Debug|Any CPU
		{1B424FF2-7B1A-4B2B-A112-DD3A9E94E4BE}.Release|Any CPU.ActiveCfg = Release|Any CPU
		{1B424FF2-7B1A-4B2B-A112-DD3A9E94E4BE}.Release|Any CPU.Build.0 = Release|Any CPU
	EndGlobalSection
EndGlobal
